{
  "name": "ai-map",
  "version": "0.1.0",
  "lockfileVersion": 3,
  "requires": true,
  "packages": {
    "": {
      "name": "ai-map",
      "version": "0.1.0",
      "dependencies": {
        "@react-google-maps/api": "^2.20.6",
        "axios": "^1.8.4",
        "react": "^19.1.0",
        "react-dom": "^19.1.0",
        "react-scripts": "5.0.1",
        "web-vitals": "^2.1.4"
      },
      "overrides": {
        "nth-check": "^2.0.1",
        "postcss": "^8.4.31",
        "glob": "^9.3.5",
        "rimraf": "^5.0.5",
        "rollup-plugin-terser": "^7.0.2",
        "@rollup/plugin-terser": "^0.4.4"
      }
    }
  }
}
